{
  "name": "pcfg",
  "version": "0.0.0",
  "lockfileVersion": 2,
  "requires": true,
  "packages": {
    "": {
      "name": "pcfg",
      "version": "0.0.0",
      "dependencies": {
        "jaco": "^4.0.0",
        "kuromojin": "^2.1.1"
      },
      "bin": {
        "pcfg": "dist/index.js"
      },
      "devDependencies": {
        "@types/node": "^14.14.37",
        "typescript": "^4.2.3"
      }
    },
    "node_modules/@types/node": {
      "version": "14.14.37",
      "resolved": "https://registry.npmjs.org/@types/node/-/node-14.14.37.tgz",
      "integrity": "sha512-XYmBiy+ohOR4Lh5jE379fV2IU+6Jn4g5qASinhitfyO71b/sCo6MKsMLF5tc7Zf2CE8hViVQyYSobJNke8OvUw==",
      "dev": true
    },
    "node_modules/async": {
      "version": "2.6.3",
      "resolved": "https://registry.npmjs.org/async/-/async-2.6.3.tgz",
      "integrity": "sha512-zflvls11DCy+dQWzTW2dzuilv8Z5X/pjfmZOWba6TNIVDm+2UDaJmXSOXlasHKfNBs8oo3M0aT50fDEWfKZjXg==",
      "dependencies": {
        "lodash": "^4.17.14"
      }
    },
    "node_modules/commander": {
      "version": "2.20.3",
      "resolved": "https://registry.npmjs.org/commander/-/commander-2.20.3.tgz",
      "integrity": "sha512-GpVkmM8vF2vQUkj2LvZmD35JxeJOLCwJ9cUkugyk2nuhbv3+mJvpLYYt+0+USMxE+oj+ey/lJEnhZw75x/OMcQ=="
    },
    "node_modules/doublearray": {
      "version": "0.0.2",
      "resolved": "https://registry.npmjs.org/doublearray/-/doublearray-0.0.2.tgz",
      "integrity": "sha1-Yxhv6NNEEydtNiH2qg7F954ifvk="
    },
    "node_modules/jaco": {
      "version": "4.0.0",
      "resolved": "https://registry.npmjs.org/jaco/-/jaco-4.0.0.tgz",
      "integrity": "sha512-RBtY32bY4ICqgPVTmWOLoxn3rZQ+sFPtkcmCA2HJY7ZCCKkCMoMhv/zw0G+eGCzIb7Vkpx5dqSu4cwuS6c6l1w==",
      "dependencies": {
        "commander": "^2.15.1"
      },
      "bin": {
        "jaco": "bin/jaco"
      }
    },
    "node_modules/kuromojin": {
      "version": "2.1.1",
      "resolved": "https://registry.npmjs.org/kuromojin/-/kuromojin-2.1.1.tgz",
      "integrity": "sha512-bd5dfE9CdRBoRPiquE5uhzBrDOn2K3WuFeOWqZgM7DNtQhvS7P9IALy5MtDxXcnw7DLBAZ1A7DByPO5BhXdgew==",
      "dependencies": {
        "kuromoji": "0.1.1"
      }
    },
    "node_modules/kuromojin/node_modules/kuromoji": {
      "version": "0.1.1",
      "resolved": "https://registry.npmjs.org/kuromoji/-/kuromoji-0.1.1.tgz",
      "integrity": "sha1-Sqvzm8zti4rZLQB6BKJr5tqEd8k=",
      "dependencies": {
        "async": "^2.0.1",
        "doublearray": "0.0.2",
        "zlibjs": "^0.2.0"
      }
    },
    "node_modules/kuromojin/node_modules/zlibjs": {
      "version": "0.2.0",
      "resolved": "https://registry.npmjs.org/zlibjs/-/zlibjs-0.2.0.tgz",
      "integrity": "sha1-riDwYkMpPYXCVVYxifmxL1s7oaA=",
      "engines": {
        "node": "*"
      }
    },
    "node_modules/lodash": {
      "version": "4.17.21",
      "resolved": "https://registry.npmjs.org/lodash/-/lodash-4.17.21.tgz",
      "integrity": "sha512-v2kDEe57lecTulaDIuNTPy3Ry4gLGJ6Z1O3vE1krgXZNrsQ+LFTGHVxVjcXPs17LhbZVGedAJv8XZ1tvj5FvSg=="
    },
    "node_modules/typescript": {
      "version": "4.2.3",
      "resolved": "https://registry.npmjs.org/typescript/-/typescript-4.2.3.tgz",
      "integrity": "sha512-qOcYwxaByStAWrBf4x0fibwZvMRG+r4cQoTjbPtUlrWjBHbmCAww1i448U0GJ+3cNNEtebDteo/cHOR3xJ4wEw==",
      "dev": true,
      "bin": {
        "tsc": "bin/tsc",
        "tsserver": "bin/tsserver"
      },
      "engines": {
        "node": ">=4.2.0"
      }
    }
  },
  "dependencies": {
    "@types/node": {
      "version": "14.14.37",
      "resolved": "https://registry.npmjs.org/@types/node/-/node-14.14.37.tgz",
      "integrity": "sha512-XYmBiy+ohOR4Lh5jE379fV2IU+6Jn4g5qASinhitfyO71b/sCo6MKsMLF5tc7Zf2CE8hViVQyYSobJNke8OvUw==",
      "dev": true
    },
    "async": {
      "version": "2.6.3",
      "resolved": "https://registry.npmjs.org/async/-/async-2.6.3.tgz",
      "integrity": "sha512-zflvls11DCy+dQWzTW2dzuilv8Z5X/pjfmZOWba6TNIVDm+2UDaJmXSOXlasHKfNBs8oo3M0aT50fDEWfKZjXg==",
      "requires": {
        "lodash": "^4.17.14"
      }
    },
    "commander": {
      "version": "2.20.3",
      "resolved": "https://registry.npmjs.org/commander/-/commander-2.20.3.tgz",
      "integrity": "sha512-GpVkmM8vF2vQUkj2LvZmD35JxeJOLCwJ9cUkugyk2nuhbv3+mJvpLYYt+0+USMxE+oj+ey/lJEnhZw75x/OMcQ=="
    },
    "doublearray": {
      "version": "0.0.2",
      "resolved": "https://registry.npmjs.org/doublearray/-/doublearray-0.0.2.tgz",
      "integrity": "sha1-Yxhv6NNEEydtNiH2qg7F954ifvk="
    },
    "jaco": {
      "version": "4.0.0",
      "resolved": "https://registry.npmjs.org/jaco/-/jaco-4.0.0.tgz",
      "integrity": "sha512-RBtY32bY4ICqgPVTmWOLoxn3rZQ+sFPtkcmCA2HJY7ZCCKkCMoMhv/zw0G+eGCzIb7Vkpx5dqSu4cwuS6c6l1w==",
      "requires": {
        "commander": "^2.15.1"
      }
    },
    "kuromojin": {
      "version": "2.1.1",
      "resolved": "https://registry.npmjs.org/kuromojin/-/kuromojin-2.1.1.tgz",
      "integrity": "sha512-bd5dfE9CdRBoRPiquE5uhzBrDOn2K3WuFeOWqZgM7DNtQhvS7P9IALy5MtDxXcnw7DLBAZ1A7DByPO5BhXdgew==",
      "requires": {
        "kuromoji": "0.1.1"
      },
      "dependencies": {
        "kuromoji": {
          "version": "0.1.1",
          "resolved": "https://registry.npmjs.org/kuromoji/-/kuromoji-0.1.1.tgz",
          "integrity": "sha1-Sqvzm8zti4rZLQB6BKJr5tqEd8k=",
          "requires": {
            "async": "^2.0.1",
            "doublearray": "0.0.2",
            "zlibjs": "^0.2.0"
          }
        },
        "zlibjs": {
          "version": "0.2.0",
          "resolved": "https://registry.npmjs.org/zlibjs/-/zlibjs-0.2.0.tgz",
          "integrity": "sha1-riDwYkMpPYXCVVYxifmxL1s7oaA="
        }
      }
    },
    "lodash": {
      "version": "4.17.21",
      "resolved": "https://registry.npmjs.org/lodash/-/lodash-4.17.21.tgz",
      "integrity": "sha512-v2kDEe57lecTulaDIuNTPy3Ry4gLGJ6Z1O3vE1krgXZNrsQ+LFTGHVxVjcXPs17LhbZVGedAJv8XZ1tvj5FvSg=="
    },
    "typescript": {
      "version": "4.2.3",
      "resolved": "https://registry.npmjs.org/typescript/-/typescript-4.2.3.tgz",
      "integrity": "sha512-qOcYwxaByStAWrBf4x0fibwZvMRG+r4cQoTjbPtUlrWjBHbmCAww1i448U0GJ+3cNNEtebDteo/cHOR3xJ4wEw==",
      "dev": true
    }
  }
}
